// !$*UTF8*$!
{
	archiveVersion = 1;
	classes = {
	};
	objectVersion = 77;
	objects = {

/* Begin PBXBuildFile section */
		ABC3FF412DD24852003EAB64 /* SourceSerif4.ttf in Resources */ = {isa = PBXBuildFile; fileRef = ABC3FF402DD24852003EAB64 /* SourceSerif4.ttf */; };
		ABC3FF432DD249C6003EAB64 /* SourceSerif4_18pt-Bold.ttf in Resources */ = {isa = PBXBuildFile; fileRef = ABC3FF422DD249C6003EAB64 /* SourceSerif4_18pt-Bold.ttf */; };
		ABC3FF592DD2FBC0003EAB64 /* SDWebImageSwiftUI in Frameworks */ = {isa = PBXBuildFile; productRef = ABC3FF582DD2FBC0003EAB64 /* SDWebImageSwiftUI */; };
		ABC3FF5B2DD2FC3F003EAB64 /* Instagram Video Animation Loader.mp4 in Resources */ = {isa = PBXBuildFile; fileRef = ABC3FF5A2DD2FC3F003EAB64 /* Instagram Video Animation Loader.mp4 */; };
		ABC3FF5D2DD2FC90003EAB64 /* Pencil.MP4 in Resources */ = {isa = PBXBuildFile; fileRef = ABC3FF5C2DD2FC90003EAB64 /* Pencil.MP4 */; };
		ABC3FF5F2DD2FDB3003EAB64 /* Morph.mp4 in Resources */ = {isa = PBXBuildFile; fileRef = ABC3FF5E2DD2FDB3003EAB64 /* Morph.mp4 */; };
/* End PBXBuildFile section */

/* Begin PBXContainerItemProxy section */
		ABC3FF202DD24634003EAB64 /* PBXContainerItemProxy */ = {
			isa = PBXContainerItemProxy;
			containerPortal = ABC3FF052DD24632003EAB64 /* Project object */;
			proxyType = 1;
			remoteGlobalIDString = ABC3FF0C2DD24632003EAB64;
			remoteInfo = Card;
		};
		ABC3FF2A2DD24634003EAB64 /* PBXContainerItemProxy */ = {
			isa = PBXContainerItemProxy;
			containerPortal = ABC3FF052DD24632003EAB64 /* Project object */;
			proxyType = 1;
			remoteGlobalIDString = ABC3FF0C2DD24632003EAB64;
			remoteInfo = Card;
		};
/* End PBXContainerItemProxy section */

/* Begin PBXFileReference section */
		ABC3FF0D2DD24632003EAB64 /* Card.app */ = {isa = PBXFileReference; explicitFileType = wrapper.application; includeInIndex = 0; path = Card.app; sourceTree = BUILT_PRODUCTS_DIR; };
		ABC3FF1F2DD24634003EAB64 /* CardTests.xctest */ = {isa = PBXFileReference; explicitFileType = wrapper.cfbundle; includeInIndex = 0; path = CardTests.xctest; sourceTree = BUILT_PRODUCTS_DIR; };
		ABC3FF292DD24634003EAB64 /* CardUITests.xctest */ = {isa = PBXFileReference; explicitFileType = wrapper.cfbundle; includeInIndex = 0; path = CardUITests.xctest; sourceTree = BUILT_PRODUCTS_DIR; };
		ABC3FF402DD24852003EAB64 /* SourceSerif4.ttf */ = {isa = PBXFileReference; lastKnownFileType = file; path = SourceSerif4.ttf; sourceTree = "<group>"; };
		ABC3FF422DD249C6003EAB64 /* SourceSerif4_18pt-Bold.ttf */ = {isa = PBXFileReference; lastKnownFileType = file; path = "SourceSerif4_18pt-Bold.ttf"; sourceTree = "<group>"; };
		ABC3FF5A2DD2FC3F003EAB64 /* Instagram Video Animation Loader.mp4 */ = {isa = PBXFileReference; lastKnownFileType = file; path = "Instagram Video Animation Loader.mp4"; sourceTree = "<group>"; };
		ABC3FF5C2DD2FC90003EAB64 /* Pencil.MP4 */ = {isa = PBXFileReference; lastKnownFileType = file; path = Pencil.MP4; sourceTree = "<group>"; };
		ABC3FF5E2DD2FDB3003EAB64 /* Morph.mp4 */ = {isa = PBXFileReference; lastKnownFileType = file; path = Morph.mp4; sourceTree = "<group>"; };
/* End PBXFileReference section */

/* Begin PBXFileSystemSynchronizedBuildFileExceptionSet section */
		ABC3FF3F2DD247D7003EAB64 /* Exceptions for "Card" folder in "Card" target */ = {
			isa = PBXFileSystemSynchronizedBuildFileExceptionSet;
			membershipExceptions = (
				Info.plist,
			);
			target = ABC3FF0C2DD24632003EAB64 /* Card */;
		};
/* End PBXFileSystemSynchronizedBuildFileExceptionSet section */

/* Begin PBXFileSystemSynchronizedRootGroup section */
		ABC3FF0F2DD24632003EAB64 /* Card */ = {
			isa = PBXFileSystemSynchronizedRootGroup;
			exceptions = (
				ABC3FF3F2DD247D7003EAB64 /* Exceptions for "Card" folder in "Card" target */,
			);
			path = Card;
			sourceTree = "<group>";
		};
		ABC3FF222DD24634003EAB64 /* CardTests */ = {
			isa = PBXFileSystemSynchronizedRootGroup;
			path = CardTests;
			sourceTree = "<group>";
		};
		ABC3FF2C2DD24634003EAB64 /* CardUITests */ = {
			isa = PBXFileSystemSynchronizedRootGroup;
			path = CardUITests;
			sourceTree = "<group>";
		};
/* End PBXFileSystemSynchronizedRootGroup section */

/* Begin PBXFrameworksBuildPhase section */
		ABC3FF0A2DD24632003EAB64 /* Frameworks */ = {
			isa = PBXFrameworksBuildPhase;
			buildActionMask = 2147483647;
			files = (
				ABC3FF592DD2FBC0003EAB64 /* SDWebImageSwiftUI in Frameworks */,
			);
			runOnlyForDeploymentPostprocessing = 0;
		};
		ABC3FF1C2DD24634003EAB64 /* Frameworks */ = {
			isa = PBXFrameworksBuildPhase;
			buildActionMask = 2147483647;
			files = (
			);
			runOnlyForDeploymentPostprocessing = 0;
		};
		ABC3FF262DD24634003EAB64 /* Frameworks */ = {
			isa = PBXFrameworksBuildPhase;
			buildActionMask = 2147483647;
			files = (
			);
			runOnlyForDeploymentPostprocessing = 0;
		};
/* End PBXFrameworksBuildPhase section */

/* Begin PBXGroup section */
		ABC3FF042DD24632003EAB64 = {
			isa = PBXGroup;
			children = (
				ABC3FF0F2DD24632003EAB64 /* Card */,
				ABC3FF222DD24634003EAB64 /* CardTests */,
				ABC3FF2C2DD24634003EAB64 /* CardUITests */,
				ABC3FF0E2DD24632003EAB64 /* Products */,
				ABC3FF402DD24852003EAB64 /* SourceSerif4.ttf */,
				ABC3FF422DD249C6003EAB64 /* SourceSerif4_18pt-Bold.ttf */,
				ABC3FF5A2DD2FC3F003EAB64 /* Instagram Video Animation Loader.mp4 */,
				ABC3FF5C2DD2FC90003EAB64 /* Pencil.MP4 */,
				ABC3FF5E2DD2FDB3003EAB64 /* Morph.mp4 */,
			);
			sourceTree = "<group>";
		};
		ABC3FF0E2DD24632003EAB64 /* Products */ = {
			isa = PBXGroup;
			children = (
				ABC3FF0D2DD24632003EAB64 /* Card.app */,
				ABC3FF1F2DD24634003EAB64 /* CardTests.xctest */,
				ABC3FF292DD24634003EAB64 /* CardUITests.xctest */,
			);
			name = Products;
			sourceTree = "<group>";
		};
/* End PBXGroup section */

/* Begin PBXNativeTarget section */
		ABC3FF0C2DD24632003EAB64 /* Card */ = {
			isa = PBXNativeTarget;
			buildConfigurationList = ABC3FF332DD24634003EAB64 /* Build configuration list for PBXNativeTarget "Card" */;
			buildPhases = (
				ABC3FF092DD24632003EAB64 /* Sources */,
				ABC3FF0A2DD24632003EAB64 /* Frameworks */,
				ABC3FF0B2DD24632003EAB64 /* Resources */,
			);
			buildRules = (
			);
			dependencies = (
			);
			fileSystemSynchronizedGroups = (
				ABC3FF0F2DD24632003EAB64 /* Card */,
			);
			name = Card;
			packageProductDependencies = (
				ABC3FF582DD2FBC0003EAB64 /* SDWebImageSwiftUI */,
			);
			productName = Card;
			productReference = ABC3FF0D2DD24632003EAB64 /* Card.app */;
			productType = "com.apple.product-type.application";
		};
		ABC3FF1E2DD24634003EAB64 /* CardTests */ = {
			isa = PBXNativeTarget;
			buildConfigurationList = ABC3FF362DD24634003EAB64 /* Build configuration list for PBXNativeTarget "CardTests" */;
			buildPhases = (
				ABC3FF1B2DD24634003EAB64 /* Sources */,
				ABC3FF1C2DD24634003EAB64 /* Frameworks */,
				ABC3FF1D2DD24634003EAB64 /* Resources */,
			);
			buildRules = (
			);
			dependencies = (
				ABC3FF212DD24634003EAB64 /* PBXTargetDependency */,
			);
			fileSystemSynchronizedGroups = (
				ABC3FF222DD24634003EAB64 /* CardTests */,
			);
			name = CardTests;
			packageProductDependencies = (
			);
			productName = CardTests;
			productReference = ABC3FF1F2DD24634003EAB64 /* CardTests.xctest */;
			productType = "com.apple.product-type.bundle.unit-test";
		};
		ABC3FF282DD24634003EAB64 /* CardUITests */ = {
			isa = PBXNativeTarget;
			buildConfigurationList = ABC3FF392DD24634003EAB64 /* Build configuration list for PBXNativeTarget "CardUITests" */;
			buildPhases = (
				ABC3FF252DD24634003EAB64 /* Sources */,
				ABC3FF262DD24634003EAB64 /* Frameworks */,
				ABC3FF272DD24634003EAB64 /* Resources */,
			);
			buildRules = (
			);
			dependencies = (
				ABC3FF2B2DD24634003EAB64 /* PBXTargetDependency */,
			);
			fileSystemSynchronizedGroups = (
				ABC3FF2C2DD24634003EAB64 /* CardUITests */,
			);
			name = CardUITests;
			packageProductDependencies = (
			);
			productName = CardUITests;
			productReference = ABC3FF292DD24634003EAB64 /* CardUITests.xctest */;
			productType = "com.apple.product-type.bundle.ui-testing";
		};
/* End PBXNativeTarget section */

/* Begin PBXProject section */
		ABC3FF052DD24632003EAB64 /* Project object */ = {
			isa = PBXProject;
			attributes = {
				BuildIndependentTargetsInParallel = 1;
				LastSwiftUpdateCheck = 1620;
				LastUpgradeCheck = 1620;
				TargetAttributes = {
					ABC3FF0C2DD24632003EAB64 = {
						CreatedOnToolsVersion = 16.2;
					};
					ABC3FF1E2DD24634003EAB64 = {
						CreatedOnToolsVersion = 16.2;
						TestTargetID = ABC3FF0C2DD24632003EAB64;
					};
					ABC3FF282DD24634003EAB64 = {
						CreatedOnToolsVersion = 16.2;
						TestTargetID = ABC3FF0C2DD24632003EAB64;
					};
				};
			};
			buildConfigurationList = ABC3FF082DD24632003EAB64 /* Build configuration list for PBXProject "Card" */;
			developmentRegion = en;
			hasScannedForEncodings = 0;
			knownRegions = (
				en,
				Base,
			);
			mainGroup = ABC3FF042DD24632003EAB64;
			minimizedProjectReferenceProxies = 1;
			packageReferences = (
				ABC3FF572DD2FBC0003EAB64 /* XCRemoteSwiftPackageReference "SDWebImageSwiftUI" */,
			);
			preferredProjectObjectVersion = 77;
			productRefGroup = ABC3FF0E2DD24632003EAB64 /* Products */;
			projectDirPath = "";
			projectRoot = "";
			targets = (
				ABC3FF0C2DD24632003EAB64 /* Card */,
				ABC3FF1E2DD24634003EAB64 /* CardTests */,
				ABC3FF282DD24634003EAB64 /* CardUITests */,
			);
		};
/* End PBXProject section */

/* Begin PBXResourcesBuildPhase section */
		ABC3FF0B2DD24632003EAB64 /* Resources */ = {
			isa = PBXResourcesBuildPhase;
			buildActionMask = 2147483647;
			files = (
				ABC3FF412DD24852003EAB64 /* SourceSerif4.ttf in Resources */,
				ABC3FF5F2DD2FDB3003EAB64 /* Morph.mp4 in Resources */,
				ABC3FF5D2DD2FC90003EAB64 /* Pencil.MP4 in Resources */,
				ABC3FF432DD249C6003EAB64 /* SourceSerif4_18pt-Bold.ttf in Resources */,
				ABC3FF5B2DD2FC3F003EAB64 /* Instagram Video Animation Loader.mp4 in Resources */,
			);
			runOnlyForDeploymentPostprocessing = 0;
		};
		ABC3FF1D2DD24634003EAB64 /* Resources */ = {
			isa = PBXResourcesBuildPhase;
			buildActionMask = 2147483647;
			files = (
			);
			runOnlyForDeploymentPostprocessing = 0;
		};
		ABC3FF272DD24634003EAB64 /* Resources */ = {
			isa = PBXResourcesBuildPhase;
			buildActionMask = 2147483647;
			files = (
			);
			runOnlyForDeploymentPostprocessing = 0;
		};
/* End PBXResourcesBuildPhase section */

/* Begin PBXSourcesBuildPhase section */
		ABC3FF092DD24632003EAB64 /* Sources */ = {
			isa = PBXSourcesBuildPhase;
			buildActionMask = 2147483647;
			files = (
			);
			runOnlyForDeploymentPostprocessing = 0;
		};
		ABC3FF1B2DD24634003EAB64 /* Sources */ = {
			isa = PBXSourcesBuildPhase;
			buildActionMask = 2147483647;
			files = (
			);
			runOnlyForDeploymentPostprocessing = 0;
		};
		ABC3FF252DD24634003EAB64 /* Sources */ = {
			isa = PBXSourcesBuildPhase;
			buildActionMask = 2147483647;
			files = (
			);
			runOnlyForDeploymentPostprocessing = 0;
		};
/* End PBXSourcesBuildPhase section */

/* Begin PBXTargetDependency section */
		ABC3FF212DD24634003EAB64 /* PBXTargetDependency */ = {
			isa = PBXTargetDependency;
			target = ABC3FF0C2DD24632003EAB64 /* Card */;
			targetProxy = ABC3FF202DD24634003EAB64 /* PBXContainerItemProxy */;
		};
		ABC3FF2B2DD24634003EAB64 /* PBXTargetDependency */ = {
			isa = PBXTargetDependency;
			target = ABC3FF0C2DD24632003EAB64 /* Card */;
			targetProxy = ABC3FF2A2DD24634003EAB64 /* PBXContainerItemProxy */;
		};
/* End PBXTargetDependency section */

/* Begin XCBuildConfiguration section */
		ABC3FF312DD24634003EAB64 /* Debug */ = {
			isa = XCBuildConfiguration;
			buildSettings = {
				ALWAYS_SEARCH_USER_PATHS = NO;
				ASSETCATALOG_COMPILER_GENERATE_SWIFT_ASSET_SYMBOL_EXTENSIONS = YES;
				CLANG_ANALYZER_NONNULL = YES;
				CLANG_ANALYZER_NUMBER_OBJECT_CONVERSION = YES_AGGRESSIVE;
				CLANG_CXX_LANGUAGE_STANDARD = "gnu++20";
				CLANG_ENABLE_MODULES = YES;
				CLANG_ENABLE_OBJC_ARC = YES;
				CLANG_ENABLE_OBJC_WEAK = YES;
				CLANG_WARN_BLOCK_CAPTURE_AUTORELEASING = YES;
				CLANG_WARN_BOOL_CONVERSION = YES;
				CLANG_WARN_COMMA = YES;
				CLANG_WARN_CONSTANT_CONVERSION = YES;
				CLANG_WARN_DEPRECATED_OBJC_IMPLEMENTATIONS = YES;
				CLANG_WARN_DIRECT_OBJC_ISA_USAGE = YES_ERROR;
				CLANG_WARN_DOCUMENTATION_COMMENTS = YES;
				CLANG_WARN_EMPTY_BODY = YES;
				CLANG_WARN_ENUM_CONVERSION = YES;
				CLANG_WARN_INFINITE_RECURSION = YES;
				CLANG_WARN_INT_CONVERSION = YES;
				CLANG_WARN_NON_LITERAL_NULL_CONVERSION = YES;
				CLANG_WARN_OBJC_IMPLICIT_RETAIN_SELF = YES;
				CLANG_WARN_OBJC_LITERAL_CONVERSION = YES;
				CLANG_WARN_OBJC_ROOT_CLASS = YES_ERROR;
				CLANG_WARN_QUOTED_INCLUDE_IN_FRAMEWORK_HEADER = YES;
				CLANG_WARN_RANGE_LOOP_ANALYSIS = YES;
				CLANG_WARN_STRICT_PROTOTYPES = YES;
				CLANG_WARN_SUSPICIOUS_MOVE = YES;
				CLANG_WARN_UNGUARDED_AVAILABILITY = YES_AGGRESSIVE;
				CLANG_WARN_UNREACHABLE_CODE = YES;
				CLANG_WARN__DUPLICATE_METHOD_MATCH = YES;
				COPY_PHASE_STRIP = NO;
				DEBUG_INFORMATION_FORMAT = dwarf;
				ENABLE_STRICT_OBJC_MSGSEND = YES;
				ENABLE_TESTABILITY = YES;
				ENABLE_USER_SCRIPT_SANDBOXING = YES;
				GCC_C_LANGUAGE_STANDARD = gnu17;
				GCC_DYNAMIC_NO_PIC = NO;
				GCC_NO_COMMON_BLOCKS = YES;
				GCC_OPTIMIZATION_LEVEL = 0;
				GCC_PREPROCESSOR_DEFINITIONS = (
					"DEBUG=1",
					"$(inherited)",
				);
				GCC_WARN_64_TO_32_BIT_CONVERSION = YES;
				GCC_WARN_ABOUT_RETURN_TYPE = YES_ERROR;
				GCC_WARN_UNDECLARED_SELECTOR = YES;
				GCC_WARN_UNINITIALIZED_AUTOS = YES_AGGRESSIVE;
				GCC_WARN_UNUSED_FUNCTION = YES;
				GCC_WARN_UNUSED_VARIABLE = YES;
				IPHONEOS_DEPLOYMENT_TARGET = 18.2;
				LOCALIZATION_PREFERS_STRING_CATALOGS = YES;
				MTL_ENABLE_DEBUG_INFO = INCLUDE_SOURCE;
				MTL_FAST_MATH = YES;
				ONLY_ACTIVE_ARCH = YES;
				SDKROOT = iphoneos;
				SWIFT_ACTIVE_COMPILATION_CONDITIONS = "DEBUG $(inherited)";
				SWIFT_OPTIMIZATION_LEVEL = "-Onone";
			};
			name = Debug;
		};
		ABC3FF322DD24634003EAB64 /* Release */ = {
			isa = XCBuildConfiguration;
			buildSettings = {
				ALWAYS_SEARCH_USER_PATHS = NO;
				ASSETCATALOG_COMPILER_GENERATE_SWIFT_ASSET_SYMBOL_EXTENSIONS = YES;
				CLANG_ANALYZER_NONNULL = YES;
				CLANG_ANALYZER_NUMBER_OBJECT_CONVERSION = YES_AGGRESSIVE;
				CLANG_CXX_LANGUAGE_STANDARD = "gnu++20";
				CLANG_ENABLE_MODULES = YES;
				CLANG_ENABLE_OBJC_ARC = YES;
				CLANG_ENABLE_OBJC_WEAK = YES;
				CLANG_WARN_BLOCK_CAPTURE_AUTORELEASING = YES;
				CLANG_WARN_BOOL_CONVERSION = YES;
				CLANG_WARN_COMMA = YES;
				CLANG_WARN_CONSTANT_CONVERSION = YES;
				CLANG_WARN_DEPRECATED_OBJC_IMPLEMENTATIONS = YES;
				CLANG_WARN_DIRECT_OBJC_ISA_USAGE = YES_ERROR;
				CLANG_WARN_DOCUMENTATION_COMMENTS = YES;
				CLANG_WARN_EMPTY_BODY = YES;
				CLANG_WARN_ENUM_CONVERSION = YES;
				CLANG_WARN_INFINITE_RECURSION = YES;
				CLANG_WARN_INT_CONVERSION = YES;
				CLANG_WARN_NON_LITERAL_NULL_CONVERSION = YES;
				CLANG_WARN_OBJC_IMPLICIT_RETAIN_SELF = YES;
				CLANG_WARN_OBJC_LITERAL_CONVERSION = YES;
				CLANG_WARN_OBJC_ROOT_CLASS = YES_ERROR;
				CLANG_WARN_QUOTED_INCLUDE_IN_FRAMEWORK_HEADER = YES;
				CLANG_WARN_RANGE_LOOP_ANALYSIS = YES;
				CLANG_WARN_STRICT_PROTOTYPES = YES;
				CLANG_WARN_SUSPICIOUS_MOVE = YES;
				CLANG_WARN_UNGUARDED_AVAILABILITY = YES_AGGRESSIVE;
				CLANG_WARN_UNREACHABLE_CODE = YES;
				CLANG_WARN__DUPLICATE_METHOD_MATCH = YES;
				COPY_PHASE_STRIP = NO;
				DEBUG_INFORMATION_FORMAT = "dwarf-with-dsym";
				ENABLE_NS_ASSERTIONS = NO;
				ENABLE_STRICT_OBJC_MSGSEND = YES;
				ENABLE_USER_SCRIPT_SANDBOXING = YES;
				GCC_C_LANGUAGE_STANDARD = gnu17;
				GCC_NO_COMMON_BLOCKS = YES;
				GCC_WARN_64_TO_32_BIT_CONVERSION = YES;
				GCC_WARN_ABOUT_RETURN_TYPE = YES_ERROR;
				GCC_WARN_UNDECLARED_SELECTOR = YES;
				GCC_WARN_UNINITIALIZED_AUTOS = YES_AGGRESSIVE;
				GCC_WARN_UNUSED_FUNCTION = YES;
				GCC_WARN_UNUSED_VARIABLE = YES;
				IPHONEOS_DEPLOYMENT_TARGET = 18.2;
				LOCALIZATION_PREFERS_STRING_CATALOGS = YES;
				MTL_ENABLE_DEBUG_INFO = NO;
				MTL_FAST_MATH = YES;
				SDKROOT = iphoneos;
				SWIFT_COMPILATION_MODE = wholemodule;
				VALIDATE_PRODUCT = YES;
			};
			name = Release;
		};
		ABC3FF342DD24634003EAB64 /* Debug */ = {
			isa = XCBuildConfiguration;
			buildSettings = {
				ASSETCATALOG_COMPILER_APPICON_NAME = AppIcon;
				ASSETCATALOG_COMPILER_GLOBAL_ACCENT_COLOR_NAME = AccentColor;
				CODE_SIGN_STYLE = Automatic;
				CURRENT_PROJECT_VERSION = 1;
				DEVELOPMENT_ASSET_PATHS = "\"Card/Preview Content\"";
				DEVELOPMENT_TEAM = R5D3PNC7P8;
				ENABLE_PREVIEWS = YES;
				GENERATE_INFOPLIST_FILE = YES;
				INFOPLIST_FILE = Card/Info.plist;
				INFOPLIST_KEY_UIApplicationSceneManifest_Generation = YES;
				INFOPLIST_KEY_UIApplicationSupportsIndirectInputEvents = YES;
				INFOPLIST_KEY_UILaunchScreen_Generation = YES;
				INFOPLIST_KEY_UISupportedInterfaceOrientations_iPad = "UIInterfaceOrientationPortrait UIInterfaceOrientationPortraitUpsideDown UIInterfaceOrientationLandscapeLeft UIInterfaceOrientationLandscapeRight";
				INFOPLIST_KEY_UISupportedInterfaceOrientations_iPhone = "UIInterfaceOrientationPortrait UIInterfaceOrientationLandscapeLeft UIInterfaceOrientationLandscapeRight";
				LD_RUNPATH_SEARCH_PATHS = (
					"$(inherited)",
					"@executable_path/Frameworks",
				);
				MARKETING_VERSION = 1.0;
				PRODUCT_BUNDLE_IDENTIFIER = Ankur.Card;
				PRODUCT_NAME = "$(TARGET_NAME)";
				SWIFT_EMIT_LOC_STRINGS = YES;
				SWIFT_VERSION = 5.0;
				TARGETED_DEVICE_FAMILY = "1,2";
			};
			name = Debug;
		};
		ABC3FF352DD24634003EAB64 /* Release */ = {
			isa = XCBuildConfiguration;
			buildSettings = {
				ASSETCATALOG_COMPILER_APPICON_NAME = AppIcon;
				ASSETCATALOG_COMPILER_GLOBAL_ACCENT_COLOR_NAME = AccentColor;
				CODE_SIGN_STYLE = Automatic;
				CURRENT_PROJECT_VERSION = 1;
				DEVELOPMENT_ASSET_PATHS = "\"Card/Preview Content\"";
				DEVELOPMENT_TEAM = R5D3PNC7P8;
				ENABLE_PREVIEWS = YES;
				GENERATE_INFOPLIST_FILE = YES;
				INFOPLIST_FILE = Card/Info.plist;
				INFOPLIST_KEY_UIApplicationSceneManifest_Generation = YES;
				INFOPLIST_KEY_UIApplicationSupportsIndirectInputEvents = YES;
				INFOPLIST_KEY_UILaunchScreen_Generation = YES;
				INFOPLIST_KEY_UISupportedInterfaceOrientations_iPad = "UIInterfaceOrientationPortrait UIInterfaceOrientationPortraitUpsideDown UIInterfaceOrientationLandscapeLeft UIInterfaceOrientationLandscapeRight";
				INFOPLIST_KEY_UISupportedInterfaceOrientations_iPhone = "UIInterfaceOrientationPortrait UIInterfaceOrientationLandscapeLeft UIInterfaceOrientationLandscapeRight";
				LD_RUNPATH_SEARCH_PATHS = (
					"$(inherited)",
					"@executable_path/Frameworks",
				);
				MARKETING_VERSION = 1.0;
				PRODUCT_BUNDLE_IDENTIFIER = Ankur.Card;
				PRODUCT_NAME = "$(TARGET_NAME)";
				SWIFT_EMIT_LOC_STRINGS = YES;
				SWIFT_VERSION = 5.0;
				TARGETED_DEVICE_FAMILY = "1,2";
			};
			name = Release;
		};
		ABC3FF372DD24634003EAB64 /* Debug */ = {
			isa = XCBuildConfiguration;
			buildSettings = {
				BUNDLE_LOADER = "$(TEST_HOST)";
				CODE_SIGN_STYLE = Automatic;
				CURRENT_PROJECT_VERSION = 1;
				DEVELOPMENT_TEAM = R5D3PNC7P8;
				GENERATE_INFOPLIST_FILE = YES;
				IPHONEOS_DEPLOYMENT_TARGET = 18.2;
				MARKETING_VERSION = 1.0;
				PRODUCT_BUNDLE_IDENTIFIER = Ankur.CardTests;
				PRODUCT_NAME = "$(TARGET_NAME)";
				SWIFT_EMIT_LOC_STRINGS = NO;
				SWIFT_VERSION = 5.0;
				TARGETED_DEVICE_FAMILY = "1,2";
				TEST_HOST = "$(BUILT_PRODUCTS_DIR)/Card.app/$(BUNDLE_EXECUTABLE_FOLDER_PATH)/Card";
			};
			name = Debug;
		};
		ABC3FF382DD24634003EAB64 /* Release */ = {
			isa = XCBuildConfiguration;
			buildSettings = {
				BUNDLE_LOADER = "$(TEST_HOST)";
				CODE_SIGN_STYLE = Automatic;
				CURRENT_PROJECT_VERSION = 1;
				DEVELOPMENT_TEAM = R5D3PNC7P8;
				GENERATE_INFOPLIST_FILE = YES;
				IPHONEOS_DEPLOYMENT_TARGET = 18.2;
				MARKETING_VERSION = 1.0;
				PRODUCT_BUNDLE_IDENTIFIER = Ankur.CardTests;
				PRODUCT_NAME = "$(TARGET_NAME)";
				SWIFT_EMIT_LOC_STRINGS = NO;
				SWIFT_VERSION = 5.0;
				TARGETED_DEVICE_FAMILY = "1,2";
				TEST_HOST = "$(BUILT_PRODUCTS_DIR)/Card.app/$(BUNDLE_EXECUTABLE_FOLDER_PATH)/Card";
			};
			name = Release;
		};
		ABC3FF3A2DD24634003EAB64 /* Debug */ = {
			isa = XCBuildConfiguration;
			buildSettings = {
				CODE_SIGN_STYLE = Automatic;
				CURRENT_PROJECT_VERSION = 1;
				DEVELOPMENT_TEAM = R5D3PNC7P8;
				GENERATE_INFOPLIST_FILE = YES;
				MARKETING_VERSION = 1.0;
				PRODUCT_BUNDLE_IDENTIFIER = Ankur.CardUITests;
				PRODUCT_NAME = "$(TARGET_NAME)";
				SWIFT_EMIT_LOC_STRINGS = NO;
				SWIFT_VERSION = 5.0;
				TARGETED_DEVICE_FAMILY = "1,2";
				TEST_TARGET_NAME = Card;
			};
			name = Debug;
		};
		ABC3FF3B2DD24634003EAB64 /* Release */ = {
			isa = XCBuildConfiguration;
			buildSettings = {
				CODE_SIGN_STYLE = Automatic;
				CURRENT_PROJECT_VERSION = 1;
				DEVELOPMENT_TEAM = R5D3PNC7P8;
				GENERATE_INFOPLIST_FILE = YES;
				MARKETING_VERSION = 1.0;
				PRODUCT_BUNDLE_IDENTIFIER = Ankur.CardUITests;
				PRODUCT_NAME = "$(TARGET_NAME)";
				SWIFT_EMIT_LOC_STRINGS = NO;
				SWIFT_VERSION = 5.0;
				TARGETED_DEVICE_FAMILY = "1,2";
				TEST_TARGET_NAME = Card;
			};
			name = Release;
		};
/* End XCBuildConfiguration section */

/* Begin XCConfigurationList section */
		ABC3FF082DD24632003EAB64 /* Build configuration list for PBXProject "Card" */ = {
			isa = XCConfigurationList;
			buildConfigurations = (
				ABC3FF312DD24634003EAB64 /* Debug */,
				ABC3FF322DD24634003EAB64 /* Release */,
			);
			defaultConfigurationIsVisible = 0;
			defaultConfigurationName = Release;
		};
		ABC3FF332DD24634003EAB64 /* Build configuration list for PBXNativeTarget "Card" */ = {
			isa = XCConfigurationList;
			buildConfigurations = (
				ABC3FF342DD24634003EAB64 /* Debug */,
				ABC3FF352DD24634003EAB64 /* Release */,
			);
			defaultConfigurationIsVisible = 0;
			defaultConfigurationName = Release;
		};
		ABC3FF362DD24634003EAB64 /* Build configuration list for PBXNativeTarget "CardTests" */ = {
			isa = XCConfigurationList;
			buildConfigurations = (
				ABC3FF372DD24634003EAB64 /* Debug */,
				ABC3FF382DD24634003EAB64 /* Release */,
			);
			defaultConfigurationIsVisible = 0;
			defaultConfigurationName = Release;
		};
		ABC3FF392DD24634003EAB64 /* Build configuration list for PBXNativeTarget "CardUITests" */ = {
			isa = XCConfigurationList;
			buildConfigurations = (
				ABC3FF3A2DD24634003EAB64 /* Debug */,
				ABC3FF3B2DD24634003EAB64 /* Release */,
			);
			defaultConfigurationIsVisible = 0;
			defaultConfigurationName = Release;
		};
/* End XCConfigurationList section */

/* Begin XCRemoteSwiftPackageReference section */
		ABC3FF572DD2FBC0003EAB64 /* XCRemoteSwiftPackageReference "SDWebImageSwiftUI" */ = {
			isa = XCRemoteSwiftPackageReference;
			repositoryURL = "https://github.com/SDWebImage/SDWebImageSwiftUI";
			requirement = {
				kind = upToNextMajorVersion;
				minimumVersion = 3.1.3;
			};
		};
/* End XCRemoteSwiftPackageReference section */

/* Begin XCSwiftPackageProductDependency section */
		ABC3FF582DD2FBC0003EAB64 /* SDWebImageSwiftUI */ = {
			isa = XCSwiftPackageProductDependency;
			package = ABC3FF572DD2FBC0003EAB64 /* XCRemoteSwiftPackageReference "SDWebImageSwiftUI" */;
			productName = SDWebImageSwiftUI;
		};
/* End XCSwiftPackageProductDependency section */
	};
	rootObject = ABC3FF052DD24632003EAB64 /* Project object */;
}
